
Microsoft Visual Studio Solution File, Format Version 12.00
# Visual Studio 15
VisualStudioVersion = 15.0.28010.2019
MinimumVisualStudioVersion = 10.0.40219.1
Project("{FAE04EC0-301F-11D3-BF4B-00C04F79EFBC}") = "FoodItemTracker", "FoodItemTracker\FoodItemTracker.csproj", "{A28EF51A-CC5C-4136-B8D7-7C1C01F5CA41}"
EndProject
Project("{FAE04EC0-301F-11D3-BF4B-00C04F79EFBC}") = "FoodItemTracker.Domain", "FoodItemTracker.Domain\FoodItemTracker.Domain.csproj", "{83216312-912D-40FC-8EB4-4F9D421AE605}"
EndProject
Project("{FAE04EC0-301F-11D3-BF4B-00C04F79EFBC}") = "FoodItemTracker.Test", "FoodItemTracker.Test\FoodItemTracker.Test.csproj", "{0186A16A-2AD4-4172-A268-BE9D9EA3D9A6}"
EndProject
Global
	GlobalSection(SolutionConfigurationPlatforms) = preSolution
		Debug|Any CPU = Debug|Any CPU
		Release|Any CPU = Release|Any CPU
	EndGlobalSection
	GlobalSection(ProjectConfigurationPlatforms) = postSolution
		{A28EF51A-CC5C-4136-B8D7-7C1C01F5CA41}.Debug|Any CPU.ActiveCfg = Debug|Any CPU
		{A28EF51A-CC5C-4136-B8D7-7C1C01F5CA41}.Debug|Any CPU.Build.0 = Debug|Any CPU
		{A28EF51A-CC5C-4136-B8D7-7C1C01F5CA41}.Release|Any CPU.ActiveCfg = Release|Any CPU
		{A28EF51A-CC5C-4136-B8D7-7C1C01F5CA41}.Release|Any CPU.Build.0 = Release|Any CPU
		{83216312-912D-40FC-8EB4-4F9D421AE605}.Debug|Any CPU.ActiveCfg = Debug|Any CPU
		{83216312-912D-40FC-8EB4-4F9D421AE605}.Debug|Any CPU.Build.0 = Debug|Any CPU
		{83216312-912D-40FC-8EB4-4F9D421AE605}.Release|Any CPU.ActiveCfg = Release|Any CPU
		{83216312-912D-40FC-8EB4-4F9D421AE605}.Release|Any CPU.Build.0 = Release|Any CPU
		{0186A16A-2AD4-4172-A268-BE9D9EA3D9A6}.Debug|Any CPU.ActiveCfg = Debug|Any CPU
		{0186A16A-2AD4-4172-A268-BE9D9EA3D9A6}.Debug|Any CPU.Build.0 = Debug|Any CPU
		{0186A16A-2AD4-4172-A268-BE9D9EA3D9A6}.Release|Any CPU.ActiveCfg = Release|Any CPU
		{0186A16A-2AD4-4172-A268-BE9D9EA3D9A6}.Release|Any CPU.Build.0 = Release|Any CPU
	EndGlobalSection
	GlobalSection(SolutionProperties) = preSolution
		HideSolutionNode = FALSE
	EndGlobalSection
	GlobalSection(ExtensibilityGlobals) = postSolution
		SolutionGuid = {C9CDB0FA-9A35-4B5F-A0A5-9E124A4F4045}
	EndGlobalSection
EndGlobal
